// !$*UTF8*$!
{
	archiveVersion = 1;
	classes = {
	};
	objectVersion = 46;
	objects = {

/* Begin PBXBuildFile section */
		3F13DB891F14FA5A006A7791 /* AppDelegate.swift in Sources */ = {isa = PBXBuildFile; fileRef = 3F13DB881F14FA5A006A7791 /* AppDelegate.swift */; };
		3F13DB8B1F14FA5A006A7791 /* ViewController.swift in Sources */ = {isa = PBXBuildFile; fileRef = 3F13DB8A1F14FA5A006A7791 /* ViewController.swift */; };
		3F13DB901F14FA5A006A7791 /* Assets.xcassets in Resources */ = {isa = PBXBuildFile; fileRef = 3F13DB8F1F14FA5A006A7791 /* Assets.xcassets */; };
		3F13DB931F14FA5A006A7791 /* LaunchScreen.storyboard in Resources */ = {isa = PBXBuildFile; fileRef = 3F13DB911F14FA5A006A7791 /* LaunchScreen.storyboard */; };
		3F13DB9E1F14FA5A006A7791 /* SoESignTests.swift in Sources */ = {isa = PBXBuildFile; fileRef = 3F13DB9D1F14FA5A006A7791 /* SoESignTests.swift */; };
		3F13DBA91F14FA5A006A7791 /* SoESignUITests.swift in Sources */ = {isa = PBXBuildFile; fileRef = 3F13DBA81F14FA5A006A7791 /* SoESignUITests.swift */; };
		3F13DBB71F14FC2C006A7791 /* PdfViewController.swift in Sources */ = {isa = PBXBuildFile; fileRef = 3F13DBB61F14FC2C006A7791 /* PdfViewController.swift */; };
		3F13DBB91F162AE4006A7791 /* Main.storyboard in Resources */ = {isa = PBXBuildFile; fileRef = 3F13DBB81F162AE4006A7791 /* Main.storyboard */; };
/* End PBXBuildFile section */

/* Begin PBXContainerItemProxy section */
		3F13DB9A1F14FA5A006A7791 /* PBXContainerItemProxy */ = {
			isa = PBXContainerItemProxy;
			containerPortal = 3F13DB7D1F14FA5A006A7791 /* Project object */;
			proxyType = 1;
			remoteGlobalIDString = 3F13DB841F14FA5A006A7791;
			remoteInfo = SoESign;
		};
		3F13DBA51F14FA5A006A7791 /* PBXContainerItemProxy */ = {
			isa = PBXContainerItemProxy;
			containerPortal = 3F13DB7D1F14FA5A006A7791 /* Project object */;
			proxyType = 1;
			remoteGlobalIDString = 3F13DB841F14FA5A006A7791;
			remoteInfo = SoESign;
		};
/* End PBXContainerItemProxy section */

/* Begin PBXFileReference section */
		3F13DB851F14FA5A006A7791 /* SoESign.app */ = {isa = PBXFileReference; explicitFileType = wrapper.application; includeInIndex = 0; path = SoESign.app; sourceTree = BUILT_PRODUCTS_DIR; };
		3F13DB881F14FA5A006A7791 /* AppDelegate.swift */ = {isa = PBXFileReference; lastKnownFileType = sourcecode.swift; path = AppDelegate.swift; sourceTree = "<group>"; };
		3F13DB8A1F14FA5A006A7791 /* ViewController.swift */ = {isa = PBXFileReference; lastKnownFileType = sourcecode.swift; path = ViewController.swift; sourceTree = "<group>"; };
		3F13DB8F1F14FA5A006A7791 /* Assets.xcassets */ = {isa = PBXFileReference; lastKnownFileType = folder.assetcatalog; path = Assets.xcassets; sourceTree = "<group>"; };
		3F13DB921F14FA5A006A7791 /* Base */ = {isa = PBXFileReference; lastKnownFileType = file.storyboard; name = Base; path = Base.lproj/LaunchScreen.storyboard; sourceTree = "<group>"; };
		3F13DB941F14FA5A006A7791 /* Info.plist */ = {isa = PBXFileReference; lastKnownFileType = text.plist.xml; path = Info.plist; sourceTree = "<group>"; };
		3F13DB991F14FA5A006A7791 /* SoESignTests.xctest */ = {isa = PBXFileReference; explicitFileType = wrapper.cfbundle; includeInIndex = 0; path = SoESignTests.xctest; sourceTree = BUILT_PRODUCTS_DIR; };
		3F13DB9D1F14FA5A006A7791 /* SoESignTests.swift */ = {isa = PBXFileReference; lastKnownFileType = sourcecode.swift; path = SoESignTests.swift; sourceTree = "<group>"; };
		3F13DB9F1F14FA5A006A7791 /* Info.plist */ = {isa = PBXFileReference; lastKnownFileType = text.plist.xml; path = Info.plist; sourceTree = "<group>"; };
		3F13DBA41F14FA5A006A7791 /* SoESignUITests.xctest */ = {isa = PBXFileReference; explicitFileType = wrapper.cfbundle; includeInIndex = 0; path = SoESignUITests.xctest; sourceTree = BUILT_PRODUCTS_DIR; };
		3F13DBA81F14FA5A006A7791 /* SoESignUITests.swift */ = {isa = PBXFileReference; lastKnownFileType = sourcecode.swift; path = SoESignUITests.swift; sourceTree = "<group>"; };
		3F13DBAA1F14FA5A006A7791 /* Info.plist */ = {isa = PBXFileReference; lastKnownFileType = text.plist.xml; path = Info.plist; sourceTree = "<group>"; };
		3F13DBB61F14FC2C006A7791 /* PdfViewController.swift */ = {isa = PBXFileReference; fileEncoding = 4; lastKnownFileType = sourcecode.swift; path = PdfViewController.swift; sourceTree = "<group>"; };
		3F13DBB81F162AE4006A7791 /* Main.storyboard */ = {isa = PBXFileReference; fileEncoding = 4; lastKnownFileType = file.storyboard; path = Main.storyboard; sourceTree = "<group>"; };
/* End PBXFileReference section */

/* Begin PBXFrameworksBuildPhase section */
		3F13DB821F14FA5A006A7791 /* Frameworks */ = {
			isa = PBXFrameworksBuildPhase;
			buildActionMask = 2147483647;
			files = (
			);
			runOnlyForDeploymentPostprocessing = 0;
		};
		3F13DB961F14FA5A006A7791 /* Frameworks */ = {
			isa = PBXFrameworksBuildPhase;
			buildActionMask = 2147483647;
			files = (
			);
			runOnlyForDeploymentPostprocessing = 0;
		};
		3F13DBA11F14FA5A006A7791 /* Frameworks */ = {
			isa = PBXFrameworksBuildPhase;
			buildActionMask = 2147483647;
			files = (
			);
			runOnlyForDeploymentPostprocessing = 0;
		};
/* End PBXFrameworksBuildPhase section */

/* Begin PBXGroup section */
		3F13DB7C1F14FA5A006A7791 = {
			isa = PBXGroup;
			children = (
				3F13DB871F14FA5A006A7791 /* SoESign */,
				3F13DB9C1F14FA5A006A7791 /* SoESignTests */,
				3F13DBA71F14FA5A006A7791 /* SoESignUITests */,
				3F13DB861F14FA5A006A7791 /* Products */,
			);
			sourceTree = "<group>";
		};
		3F13DB861F14FA5A006A7791 /* Products */ = {
			isa = PBXGroup;
			children = (
				3F13DB851F14FA5A006A7791 /* SoESign.app */,
				3F13DB991F14FA5A006A7791 /* SoESignTests.xctest */,
				3F13DBA41F14FA5A006A7791 /* SoESignUITests.xctest */,
			);
			name = Products;
			sourceTree = "<group>";
		};
		3F13DB871F14FA5A006A7791 /* SoESign */ = {
			isa = PBXGroup;
			children = (
				3F13DB881F14FA5A006A7791 /* AppDelegate.swift */,
				3F13DB8A1F14FA5A006A7791 /* ViewController.swift */,
				3F13DB8F1F14FA5A006A7791 /* Assets.xcassets */,
				3F13DB911F14FA5A006A7791 /* LaunchScreen.storyboard */,
				3F13DBB81F162AE4006A7791 /* Main.storyboard */,
				3F13DB941F14FA5A006A7791 /* Info.plist */,
				3F13DBB61F14FC2C006A7791 /* PdfViewController.swift */,
			);
			path = SoESign;
			sourceTree = "<group>";
		};
		3F13DB9C1F14FA5A006A7791 /* SoESignTests */ = {
			isa = PBXGroup;
			children = (
				3F13DB9D1F14FA5A006A7791 /* SoESignTests.swift */,
				3F13DB9F1F14FA5A006A7791 /* Info.plist */,
			);
			path = SoESignTests;
			sourceTree = "<group>";
		};
		3F13DBA71F14FA5A006A7791 /* SoESignUITests */ = {
			isa = PBXGroup;
			children = (
				3F13DBA81F14FA5A006A7791 /* SoESignUITests.swift */,
				3F13DBAA1F14FA5A006A7791 /* Info.plist */,
			);
			path = SoESignUITests;
			sourceTree = "<group>";
		};
/* End PBXGroup section */

/* Begin PBXNativeTarget section */
		3F13DB841F14FA5A006A7791 /* SoESign */ = {
			isa = PBXNativeTarget;
			buildConfigurationList = 3F13DBAD1F14FA5A006A7791 /* Build configuration list for PBXNativeTarget "SoESign" */;
			buildPhases = (
				3F13DB811F14FA5A006A7791 /* Sources */,
				3F13DB821F14FA5A006A7791 /* Frameworks */,
				3F13DB831F14FA5A006A7791 /* Resources */,
			);
			buildRules = (
			);
			dependencies = (
			);
			name = SoESign;
			productName = SoESign;
			productReference = 3F13DB851F14FA5A006A7791 /* SoESign.app */;
			productType = "com.apple.product-type.application";
		};
		3F13DB981F14FA5A006A7791 /* SoESignTests */ = {
			isa = PBXNativeTarget;
			buildConfigurationList = 3F13DBB01F14FA5A006A7791 /* Build configuration list for PBXNativeTarget "SoESignTests" */;
			buildPhases = (
				3F13DB951F14FA5A006A7791 /* Sources */,
				3F13DB961F14FA5A006A7791 /* Frameworks */,
				3F13DB971F14FA5A006A7791 /* Resources */,
			);
			buildRules = (
			);
			dependencies = (
				3F13DB9B1F14FA5A006A7791 /* PBXTargetDependency */,
			);
			name = SoESignTests;
			productName = SoESignTests;
			productReference = 3F13DB991F14FA5A006A7791 /* SoESignTests.xctest */;
			productType = "com.apple.product-type.bundle.unit-test";
		};
		3F13DBA31F14FA5A006A7791 /* SoESignUITests */ = {
			isa = PBXNativeTarget;
			buildConfigurationList = 3F13DBB31F14FA5A006A7791 /* Build configuration list for PBXNativeTarget "SoESignUITests" */;
			buildPhases = (
				3F13DBA01F14FA5A006A7791 /* Sources */,
				3F13DBA11F14FA5A006A7791 /* Frameworks */,
				3F13DBA21F14FA5A006A7791 /* Resources */,
			);
			buildRules = (
			);
			dependencies = (
				3F13DBA61F14FA5A006A7791 /* PBXTargetDependency */,
			);
			name = SoESignUITests;
			productName = SoESignUITests;
			productReference = 3F13DBA41F14FA5A006A7791 /* SoESignUITests.xctest */;
			productType = "com.apple.product-type.bundle.ui-testing";
		};
/* End PBXNativeTarget section */

/* Begin PBXProject section */
		3F13DB7D1F14FA5A006A7791 /* Project object */ = {
			isa = PBXProject;
			attributes = {
				LastSwiftUpdateCheck = 0830;
				LastUpgradeCheck = 0830;
				ORGANIZATIONNAME = softcell;
				TargetAttributes = {
					3F13DB841F14FA5A006A7791 = {
						CreatedOnToolsVersion = 8.3.1;
						DevelopmentTeam = 9HT77X7ZRT;
						ProvisioningStyle = Automatic;
					};
					3F13DB981F14FA5A006A7791 = {
						CreatedOnToolsVersion = 8.3.1;
						ProvisioningStyle = Automatic;
						TestTargetID = 3F13DB841F14FA5A006A7791;
					};
					3F13DBA31F14FA5A006A7791 = {
						CreatedOnToolsVersion = 8.3.1;
						ProvisioningStyle = Automatic;
						TestTargetID = 3F13DB841F14FA5A006A7791;
					};
				};
			};
			buildConfigurationList = 3F13DB801F14FA5A006A7791 /* Build configuration list for PBXProject "SoESign" */;
			compatibilityVersion = "Xcode 3.2";
			developmentRegion = English;
			hasScannedForEncodings = 0;
			knownRegions = (
				en,
				Base,
			);
			mainGroup = 3F13DB7C1F14FA5A006A7791;
			productRefGroup = 3F13DB861F14FA5A006A7791 /* Products */;
			projectDirPath = "";
			projectRoot = "";
			targets = (
				3F13DB841F14FA5A006A7791 /* SoESign */,
				3F13DB981F14FA5A006A7791 /* SoESignTests */,
				3F13DBA31F14FA5A006A7791 /* SoESignUITests */,
			);
		};
/* End PBXProject section */

/* Begin PBXResourcesBuildPhase section */
		3F13DB831F14FA5A006A7791 /* Resources */ = {
			isa = PBXResourcesBuildPhase;
			buildActionMask = 2147483647;
			files = (
				3F13DBB91F162AE4006A7791 /* Main.storyboard in Resources */,
				3F13DB931F14FA5A006A7791 /* LaunchScreen.storyboard in Resources */,
				3F13DB901F14FA5A006A7791 /* Assets.xcassets in Resources */,
			);
			runOnlyForDeploymentPostprocessing = 0;
		};
		3F13DB971F14FA5A006A7791 /* Resources */ = {
			isa = PBXResourcesBuildPhase;
			buildActionMask = 2147483647;
			files = (
			);
			runOnlyForDeploymentPostprocessing = 0;
		};
		3F13DBA21F14FA5A006A7791 /* Resources */ = {
			isa = PBXResourcesBuildPhase;
			buildActionMask = 2147483647;
			files = (
			);
			runOnlyForDeploymentPostprocessing = 0;
		};
/* End PBXResourcesBuildPhase section */

/* Begin PBXSourcesBuildPhase section */
		3F13DB811F14FA5A006A7791 /* Sources */ = {
			isa = PBXSourcesBuildPhase;
			buildActionMask = 2147483647;
			files = (
				3F13DB8B1F14FA5A006A7791 /* ViewController.swift in Sources */,
				3F13DB891F14FA5A006A7791 /* AppDelegate.swift in Sources */,
				3F13DBB71F14FC2C006A7791 /* PdfViewController.swift in Sources */,
			);
			runOnlyForDeploymentPostprocessing = 0;
		};
		3F13DB951F14FA5A006A7791 /* Sources */ = {
			isa = PBXSourcesBuildPhase;
			buildActionMask = 2147483647;
			files = (
				3F13DB9E1F14FA5A006A7791 /* SoESignTests.swift in Sources */,
			);
			runOnlyForDeploymentPostprocessing = 0;
		};
		3F13DBA01F14FA5A006A7791 /* Sources */ = {
			isa = PBXSourcesBuildPhase;
			buildActionMask = 2147483647;
			files = (
				3F13DBA91F14FA5A006A7791 /* SoESignUITests.swift in Sources */,
			);
			runOnlyForDeploymentPostprocessing = 0;
		};
/* End PBXSourcesBuildPhase section */

/* Begin PBXTargetDependency section */
		3F13DB9B1F14FA5A006A7791 /* PBXTargetDependency */ = {
			isa = PBXTargetDependency;
			target = 3F13DB841F14FA5A006A7791 /* SoESign */;
			targetProxy = 3F13DB9A1F14FA5A006A7791 /* PBXContainerItemProxy */;
		};
		3F13DBA61F14FA5A006A7791 /* PBXTargetDependency */ = {
			isa = PBXTargetDependency;
			target = 3F13DB841F14FA5A006A7791 /* SoESign */;
			targetProxy = 3F13DBA51F14FA5A006A7791 /* PBXContainerItemProxy */;
		};
/* End PBXTargetDependency section */

/* Begin PBXVariantGroup section */
		3F13DB911F14FA5A006A7791 /* LaunchScreen.storyboard */ = {
			isa = PBXVariantGroup;
			children = (
				3F13DB921F14FA5A006A7791 /* Base */,
			);
			name = LaunchScreen.storyboard;
			sourceTree = "<group>";
		};
/* End PBXVariantGroup section */

/* Begin XCBuildConfiguration section */
		3F13DBAB1F14FA5A006A7791 /* Debug */ = {
			isa = XCBuildConfiguration;
			buildSettings = {
				ALWAYS_SEARCH_USER_PATHS = NO;
				CLANG_ANALYZER_NONNULL = YES;
				CLANG_ANALYZER_NUMBER_OBJECT_CONVERSION = YES_AGGRESSIVE;
				CLANG_CXX_LANGUAGE_STANDARD = "gnu++0x";
				CLANG_CXX_LIBRARY = "libc++";
				CLANG_ENABLE_MODULES = YES;
				CLANG_ENABLE_OBJC_ARC = YES;
				CLANG_WARN_BOOL_CONVERSION = YES;
				CLANG_WARN_CONSTANT_CONVERSION = YES;
				CLANG_WARN_DIRECT_OBJC_ISA_USAGE = YES_ERROR;
				CLANG_WARN_DOCUMENTATION_COMMENTS = YES;
				CLANG_WARN_EMPTY_BODY = YES;
				CLANG_WARN_ENUM_CONVERSION = YES;
				CLANG_WARN_INFINITE_RECURSION = YES;
				CLANG_WARN_INT_CONVERSION = YES;
				CLANG_WARN_OBJC_ROOT_CLASS = YES_ERROR;
				CLANG_WARN_SUSPICIOUS_MOVE = YES;
				CLANG_WARN_UNREACHABLE_CODE = YES;
				CLANG_WARN__DUPLICATE_METHOD_MATCH = YES;
				"CODE_SIGN_IDENTITY[sdk=iphoneos*]" = "iPhone Developer";
				COPY_PHASE_STRIP = NO;
				DEBUG_INFORMATION_FORMAT = dwarf;
				ENABLE_STRICT_OBJC_MSGSEND = YES;
				ENABLE_TESTABILITY = YES;
				GCC_C_LANGUAGE_STANDARD = gnu99;
				GCC_DYNAMIC_NO_PIC = NO;
				GCC_NO_COMMON_BLOCKS = YES;
				GCC_OPTIMIZATION_LEVEL = 0;
				GCC_PREPROCESSOR_DEFINITIONS = (
					"DEBUG=1",
					"$(inherited)",
				);
				GCC_WARN_64_TO_32_BIT_CONVERSION = YES;
				GCC_WARN_ABOUT_RETURN_TYPE = YES_ERROR;
				GCC_WARN_UNDECLARED_SELECTOR = YES;
				GCC_WARN_UNINITIALIZED_AUTOS = YES_AGGRESSIVE;
				GCC_WARN_UNUSED_FUNCTION = YES;
				GCC_WARN_UNUSED_VARIABLE = YES;
				IPHONEOS_DEPLOYMENT_TARGET = 10.3;
				MTL_ENABLE_DEBUG_INFO = YES;
				ONLY_ACTIVE_ARCH = YES;
				SDKROOT = iphoneos;
				SWIFT_ACTIVE_COMPILATION_CONDITIONS = DEBUG;
				SWIFT_OPTIMIZATION_LEVEL = "-Onone";
				TARGETED_DEVICE_FAMILY = "1,2";
			};
			name = Debug;
		};
		3F13DBAC1F14FA5A006A7791 /* Release */ = {
			isa = XCBuildConfiguration;
			buildSettings = {
				ALWAYS_SEARCH_USER_PATHS = NO;
				CLANG_ANALYZER_NONNULL = YES;
				CLANG_ANALYZER_NUMBER_OBJECT_CONVERSION = YES_AGGRESSIVE;
				CLANG_CXX_LANGUAGE_STANDARD = "gnu++0x";
				CLANG_CXX_LIBRARY = "libc++";
				CLANG_ENABLE_MODULES = YES;
				CLANG_ENABLE_OBJC_ARC = YES;
				CLANG_WARN_BOOL_CONVERSION = YES;
				CLANG_WARN_CONSTANT_CONVERSION = YES;
				CLANG_WARN_DIRECT_OBJC_ISA_USAGE = YES_ERROR;
				CLANG_WARN_DOCUMENTATION_COMMENTS = YES;
				CLANG_WARN_EMPTY_BODY = YES;
				CLANG_WARN_ENUM_CONVERSION = YES;
				CLANG_WARN_INFINITE_RECURSION = YES;
				CLANG_WARN_INT_CONVERSION = YES;
				CLANG_WARN_OBJC_ROOT_CLASS = YES_ERROR;
				CLANG_WARN_SUSPICIOUS_MOVE = YES;
				CLANG_WARN_UNREACHABLE_CODE = YES;
				CLANG_WARN__DUPLICATE_METHOD_MATCH = YES;
				"CODE_SIGN_IDENTITY[sdk=iphoneos*]" = "iPhone Developer";
				COPY_PHASE_STRIP = NO;
				DEBUG_INFORMATION_FORMAT = "dwarf-with-dsym";
				ENABLE_NS_ASSERTIONS = NO;
				ENABLE_STRICT_OBJC_MSGSEND = YES;
				GCC_C_LANGUAGE_STANDARD = gnu99;
				GCC_NO_COMMON_BLOCKS = YES;
				GCC_WARN_64_TO_32_BIT_CONVERSION = YES;
				GCC_WARN_ABOUT_RETURN_TYPE = YES_ERROR;
				GCC_WARN_UNDECLARED_SELECTOR = YES;
				GCC_WARN_UNINITIALIZED_AUTOS = YES_AGGRESSIVE;
				GCC_WARN_UNUSED_FUNCTION = YES;
				GCC_WARN_UNUSED_VARIABLE = YES;
				IPHONEOS_DEPLOYMENT_TARGET = 10.3;
				MTL_ENABLE_DEBUG_INFO = NO;
				SDKROOT = iphoneos;
				SWIFT_OPTIMIZATION_LEVEL = "-Owholemodule";
				TARGETED_DEVICE_FAMILY = "1,2";
				VALIDATE_PRODUCT = YES;
			};
			name = Release;
		};
		3F13DBAE1F14FA5A006A7791 /* Debug */ = {
			isa = XCBuildConfiguration;
			buildSettings = {
				ASSETCATALOG_COMPILER_APPICON_NAME = AppIcon;
				DEVELOPMENT_TEAM = 9HT77X7ZRT;
				INFOPLIST_FILE = SoESign/Info.plist;
				LD_RUNPATH_SEARCH_PATHS = "$(inherited) @executable_path/Frameworks";
				PRODUCT_BUNDLE_IDENTIFIER = com.softcell.SoESign;
				PRODUCT_NAME = "$(TARGET_NAME)";
				SWIFT_VERSION = 3.0;
			};
			name = Debug;
		};
		3F13DBAF1F14FA5A006A7791 /* Release */ = {
			isa = XCBuildConfiguration;
			buildSettings = {
				ASSETCATALOG_COMPILER_APPICON_NAME = AppIcon;
				DEVELOPMENT_TEAM = 9HT77X7ZRT;
				INFOPLIST_FILE = SoESign/Info.plist;
				LD_RUNPATH_SEARCH_PATHS = "$(inherited) @executable_path/Frameworks";
				PRODUCT_BUNDLE_IDENTIFIER = com.softcell.SoESign;
				PRODUCT_NAME = "$(TARGET_NAME)";
				SWIFT_VERSION = 3.0;
			};
			name = Release;
		};
		3F13DBB11F14FA5A006A7791 /* Debug */ = {
			isa = XCBuildConfiguration;
			buildSettings = {
				ALWAYS_EMBED_SWIFT_STANDARD_LIBRARIES = YES;
				BUNDLE_LOADER = "$(TEST_HOST)";
				INFOPLIST_FILE = SoESignTests/Info.plist;
				LD_RUNPATH_SEARCH_PATHS = "$(inherited) @executable_path/Frameworks @loader_path/Frameworks";
				PRODUCT_BUNDLE_IDENTIFIER = com.softcell.SoESignTests;
				PRODUCT_NAME = "$(TARGET_NAME)";
				SWIFT_VERSION = 3.0;
				TEST_HOST = "$(BUILT_PRODUCTS_DIR)/SoESign.app/SoESign";
			};
			name = Debug;
		};
		3F13DBB21F14FA5A006A7791 /* Release */ = {
			isa = XCBuildConfiguration;
			buildSettings = {
				ALWAYS_EMBED_SWIFT_STANDARD_LIBRARIES = YES;
				BUNDLE_LOADER = "$(TEST_HOST)";
				INFOPLIST_FILE = SoESignTests/Info.plist;
				LD_RUNPATH_SEARCH_PATHS = "$(inherited) @executable_path/Frameworks @loader_path/Frameworks";
				PRODUCT_BUNDLE_IDENTIFIER = com.softcell.SoESignTests;
				PRODUCT_NAME = "$(TARGET_NAME)";
				SWIFT_VERSION = 3.0;
				TEST_HOST = "$(BUILT_PRODUCTS_DIR)/SoESign.app/SoESign";
			};
			name = Release;
		};
		3F13DBB41F14FA5A006A7791 /* Debug */ = {
			isa = XCBuildConfiguration;
			buildSettings = {
				ALWAYS_EMBED_SWIFT_STANDARD_LIBRARIES = YES;
				INFOPLIST_FILE = SoESignUITests/Info.plist;
				LD_RUNPATH_SEARCH_PATHS = "$(inherited) @executable_path/Frameworks @loader_path/Frameworks";
				PRODUCT_BUNDLE_IDENTIFIER = com.softcell.SoESignUITests;
				PRODUCT_NAME = "$(TARGET_NAME)";
				SWIFT_VERSION = 3.0;
				TEST_TARGET_NAME = SoESign;
			};
			name = Debug;
		};
		3F13DBB51F14FA5A006A7791 /* Release */ = {
			isa = XCBuildConfiguration;
			buildSettings = {
				ALWAYS_EMBED_SWIFT_STANDARD_LIBRARIES = YES;
				INFOPLIST_FILE = SoESignUITests/Info.plist;
				LD_RUNPATH_SEARCH_PATHS = "$(inherited) @executable_path/Frameworks @loader_path/Frameworks";
				PRODUCT_BUNDLE_IDENTIFIER = com.softcell.SoESignUITests;
				PRODUCT_NAME = "$(TARGET_NAME)";
				SWIFT_VERSION = 3.0;
				TEST_TARGET_NAME = SoESign;
			};
			name = Release;
		};
/* End XCBuildConfiguration section */

/* Begin XCConfigurationList section */
		3F13DB801F14FA5A006A7791 /* Build configuration list for PBXProject "SoESign" */ = {
			isa = XCConfigurationList;
			buildConfigurations = (
				3F13DBAB1F14FA5A006A7791 /* Debug */,
				3F13DBAC1F14FA5A006A7791 /* Release */,
			);
			defaultConfigurationIsVisible = 0;
			defaultConfigurationName = Release;
		};
		3F13DBAD1F14FA5A006A7791 /* Build configuration list for PBXNativeTarget "SoESign" */ = {
			isa = XCConfigurationList;
			buildConfigurations = (
				3F13DBAE1F14FA5A006A7791 /* Debug */,
				3F13DBAF1F14FA5A006A7791 /* Release */,
			);
			defaultConfigurationIsVisible = 0;
			defaultConfigurationName = Release;
		};
		3F13DBB01F14FA5A006A7791 /* Build configuration list for PBXNativeTarget "SoESignTests" */ = {
			isa = XCConfigurationList;
			buildConfigurations = (
				3F13DBB11F14FA5A006A7791 /* Debug */,
				3F13DBB21F14FA5A006A7791 /* Release */,
			);
			defaultConfigurationIsVisible = 0;
			defaultConfigurationName = Release;
		};
		3F13DBB31F14FA5A006A7791 /* Build configuration list for PBXNativeTarget "SoESignUITests" */ = {
			isa = XCConfigurationList;
			buildConfigurations = (
				3F13DBB41F14FA5A006A7791 /* Debug */,
				3F13DBB51F14FA5A006A7791 /* Release */,
			);
			defaultConfigurationIsVisible = 0;
			defaultConfigurationName = Release;
		};
/* End XCConfigurationList section */
	};
	rootObject = 3F13DB7D1F14FA5A006A7791 /* Project object */;
}
